
Microsoft Visual Studio Solution File, Format Version 12.00
# Visual Studio Version 16
VisualStudioVersion = 16.0.31229.75
MinimumVisualStudioVersion = 10.0.40219.1
Project("{FAE04EC0-301F-11D3-BF4B-00C04F79EFBC}") = "Lab7", "Lab7\Lab7.csproj", "{1750A211-49B9-4508-8DA8-79CEE9B0C096}"
EndProject
Global
	GlobalSection(SolutionConfigurationPlatforms) = preSolution
		Debug|Any CPU = Debug|Any CPU
		Release|Any CPU = Release|Any CPU
	EndGlobalSection
	GlobalSection(ProjectConfigurationPlatforms) = postSolution
		{1750A211-49B9-4508-8DA8-79CEE9B0C096}.Debug|Any CPU.ActiveCfg = Debug|Any CPU
		{1750A211-49B9-4508-8DA8-79CEE9B0C096}.Debug|Any CPU.Build.0 = Debug|Any CPU
		{1750A211-49B9-4508-8DA8-79CEE9B0C096}.Release|Any CPU.ActiveCfg = Release|Any CPU
		{1750A211-49B9-4508-8DA8-79CEE9B0C096}.Release|Any CPU.Build.0 = Release|Any CPU
	EndGlobalSection
	GlobalSection(SolutionProperties) = preSolution
		HideSolutionNode = FALSE
	EndGlobalSection
	GlobalSection(ExtensibilityGlobals) = postSolution
		SolutionGuid = {C6B53DB2-C28C-4BB2-9B73-4ABA873C0E25}
	EndGlobalSection
EndGlobal
